{
  "name": "bibliomit",
  "version": "3.0.0",
  "lockfileVersion": 2,
  "requires": true,
  "packages": {
    "": {
      "name": "bibliomit",
      "version": "3.0.0",
      "license": "ISC",
      "dependencies": {
        "@types/bootstrap": "5.1.7",
        "@types/bootstrap-datepicker": "0.0.15",
        "@types/bootstrap-select": "1.13.4",
        "@types/cldrjs": "0.4.22",
        "@types/globalize": "1.5.2",
        "@types/jquery-validation-unobtrusive": "3.2.32",
        "@types/jquery.validation": "1.16.7",
        "@types/modernizr": "3.5.3",
        "@types/node": "17.0.6",
        "crypto-js": "4.1.1",
        "node-fetch": "3.1.0",
        "typescript": "4.5.4"
      },
      "devDependencies": {
        "@types/jquery": "^3.5.11"
      }
    },
    "node_modules/@popperjs/core": {
      "version": "2.9.3",
      "resolved": "https://registry.npmjs.org/@popperjs/core/-/core-2.9.3.tgz",
      "integrity": "sha512-xDu17cEfh7Kid/d95kB6tZsLOmSWKCZKtprnhVepjsSaCij+lM3mItSJDuuHDMbCWTh8Ejmebwb+KONcCJ0eXQ==",
      "funding": {
        "type": "opencollective",
        "url": "https://opencollective.com/popperjs"
      }
    },
    "node_modules/@types/bootstrap": {
      "version": "5.1.7",
      "resolved": "https://registry.npmjs.org/@types/bootstrap/-/bootstrap-5.1.7.tgz",
      "integrity": "sha512-CNRN73xaUuotNHfy1jFbBj+7pfXs918G4+P3HhlgKSqPPYw1SkVUkITMVNIxSDW7BzrpkC9jeuL0DZbvaXk6Lg==",
      "dependencies": {
        "@popperjs/core": "^2.9.2",
        "@types/jquery": "*"
      }
    },
    "node_modules/@types/bootstrap-datepicker": {
      "version": "0.0.15",
      "resolved": "https://registry.npmjs.org/@types/bootstrap-datepicker/-/bootstrap-datepicker-0.0.15.tgz",
      "integrity": "sha512-jNfcPB6uYcIaW2agumOiVXWuBbU4/Ct9CsIokGi+0hdSPtp6aRhV4v9w2dRZwbsbptl98W+10jLXJm+Vu5p+Pg==",
      "dependencies": {
        "@types/jquery": "*"
      }
    },
    "node_modules/@types/bootstrap-select": {
      "version": "1.13.4",
      "resolved": "https://registry.npmjs.org/@types/bootstrap-select/-/bootstrap-select-1.13.4.tgz",
      "integrity": "sha512-jpmfCyF/DETb7P9Ob1htDoSGwSNvdddmBEe47iAbLttWGAGbEzE/Ks6/eGzKzEbDDLbL/melqSW8RkqTpa60Gw==",
      "dependencies": {
        "@types/jquery": "*"
      }
    },
    "node_modules/@types/cldrjs": {
      "version": "0.4.22",
      "resolved": "https://registry.npmjs.org/@types/cldrjs/-/cldrjs-0.4.22.tgz",
      "integrity": "sha512-YyzxXZ5s9xwPWznXnI3++X14JGnomDdDAlin7kWZvxX/MzirC9BNFcDSQ0yR8YG2M/xNMn0nXsCGkgbFVyXjGw=="
    },
    "node_modules/@types/globalize": {
      "version": "1.5.2",
      "resolved": "https://registry.npmjs.org/@types/globalize/-/globalize-1.5.2.tgz",
      "integrity": "sha512-h4+lLnsttn12wOuUs0WuVJie5Lg+H/0WMaOSSgwycOOmA2Ukj/fX+GkvNcjw1OY5CtViCCEBc3xClsXInL/r9g==",
      "dependencies": {
        "@types/cldrjs": "*"
      }
    },
    "node_modules/@types/jquery": {
      "version": "3.5.11",
      "resolved": "https://registry.npmjs.org/@types/jquery/-/jquery-3.5.11.tgz",
      "integrity": "sha512-lYZGdfOtUa0XFjIATQgiogqeTY5PNNMOmp3Jq48ghmJALL8t/IqABRqlEwdHfuUdA8iIE1uGD1HoI4a7Tiy6OA==",
      "dependencies": {
        "@types/sizzle": "*"
      }
    },
    "node_modules/@types/jquery-validation-unobtrusive": {
      "version": "3.2.32",
      "resolved": "https://registry.npmjs.org/@types/jquery-validation-unobtrusive/-/jquery-validation-unobtrusive-3.2.32.tgz",
      "integrity": "sha512-RdGqqH2eheWG8laRwUb/rESNdELWV0wV2AVBkOn1pKI158UEvxOJObQjcJf8F4AMx61H/Dl4YApFO3hBzLKZvQ==",
      "dependencies": {
        "@types/jquery.validation": "*"
      }
    },
    "node_modules/@types/jquery.validation": {
      "version": "1.16.7",
      "resolved": "https://registry.npmjs.org/@types/jquery.validation/-/jquery.validation-1.16.7.tgz",
      "integrity": "sha512-auRrFzVUOOg7jcLMGyEhvKAC84e8/Tu27wJXDLk3NZ0XCKGZWHYm7livBEjRs3LkB4vGnMKqWXBBnRpmCO9mhQ==",
      "dependencies": {
        "@types/jquery": "*"
      }
    },
    "node_modules/@types/modernizr": {
      "version": "3.5.3",
      "resolved": "https://registry.npmjs.org/@types/modernizr/-/modernizr-3.5.3.tgz",
      "integrity": "sha512-jhMOZSS0UGYTS9pqvt6q3wtT3uvOSve5piTEmTMx3zzTuBLvSIMxSIBIc3d5lajVD5h4xc41AMZD2M5orN3PxA=="
    },
    "node_modules/@types/moment": {
      "version": "2.13.0",
      "resolved": "https://registry.npmjs.org/@types/moment/-/moment-2.13.0.tgz",
      "integrity": "sha1-YE69GJvDvDShVIaJQE5hoqSqyJY=",
      "deprecated": "This is a stub types definition for Moment (https://github.com/moment/moment). Moment provides its own type definitions, so you don't need @types/moment installed!",
      "dependencies": {
        "moment": "*"
      }
    },
    "node_modules/@types/node": {
      "version": "17.0.6",
      "resolved": "https://registry.npmjs.org/@types/node/-/node-17.0.6.tgz",
      "integrity": "sha512-+XBAjfZmmivILUzO0HwBJoYkAyyySSLg5KCGBDFLomJo0sV6szvVLAf4ANZZ0pfWzgEds5KmGLG9D5hfEqOhaA=="
    },
    "node_modules/@types/sizzle": {
      "version": "2.3.3",
      "resolved": "https://registry.npmjs.org/@types/sizzle/-/sizzle-2.3.3.tgz",
      "integrity": "sha512-JYM8x9EGF163bEyhdJBpR2QX1R5naCJHC8ucJylJ3w9/CVBaskdQ8WqBf8MmQrd1kRvp/a4TS8HJ+bxzR7ZJYQ=="
    },
    "node_modules/crypto-js": {
      "version": "4.1.1",
      "resolved": "https://registry.npmjs.org/crypto-js/-/crypto-js-4.1.1.tgz",
      "integrity": "sha512-o2JlM7ydqd3Qk9CA0L4NL6mTzU2sdx96a+oOfPu8Mkl/PK51vSyoi8/rQ8NknZtk44vq15lmhAj9CIAGwgeWKw=="
    },
    "node_modules/data-uri-to-buffer": {
      "version": "4.0.0",
      "resolved": "https://registry.npmjs.org/data-uri-to-buffer/-/data-uri-to-buffer-4.0.0.tgz",
      "integrity": "sha512-Vr3mLBA8qWmcuschSLAOogKgQ/Jwxulv3RNE4FXnYWRGujzrRWQI4m12fQqRkwX06C0KanhLr4hK+GydchZsaA==",
      "engines": {
        "node": ">= 12"
      }
    },
    "node_modules/fetch-blob": {
      "version": "3.1.3",
      "resolved": "https://registry.npmjs.org/fetch-blob/-/fetch-blob-3.1.3.tgz",
      "integrity": "sha512-ax1Y5I9w+9+JiM+wdHkhBoxew+zG4AJ2SvAD1v1szpddUIiPERVGBxrMcB2ZqW0Y3PP8bOWYv2zqQq1Jp2kqUQ==",
      "funding": [
        {
          "type": "github",
          "url": "https://github.com/sponsors/jimmywarting"
        },
        {
          "type": "paypal",
          "url": "https://paypal.me/jimmywarting"
        }
      ],
      "dependencies": {
        "web-streams-polyfill": "^3.0.3"
      },
      "engines": {
        "node": "^12.20 || >= 14.13"
      }
    },
    "node_modules/formdata-polyfill": {
      "version": "4.0.10",
      "resolved": "https://registry.npmjs.org/formdata-polyfill/-/formdata-polyfill-4.0.10.tgz",
      "integrity": "sha512-buewHzMvYL29jdeQTVILecSaZKnt/RJWjoZCF5OW60Z67/GmSLBkOFM7qh1PI3zFNtJbaZL5eQu1vLfazOwj4g==",
      "dependencies": {
        "fetch-blob": "^3.1.2"
      },
      "engines": {
        "node": ">=12.20.0"
      }
    },
    "node_modules/moment": {
      "version": "2.29.1",
      "resolved": "https://registry.npmjs.org/moment/-/moment-2.29.1.tgz",
      "integrity": "sha512-kHmoybcPV8Sqy59DwNDY3Jefr64lK/by/da0ViFcuA4DH0vQg5Q6Ze5VimxkfQNSC+Mls/Kx53s7TjP1RhFEDQ==",
      "engines": {
        "node": "*"
      }
    },
    "node_modules/node-fetch": {
      "version": "3.1.0",
      "resolved": "https://registry.npmjs.org/node-fetch/-/node-fetch-3.1.0.tgz",
      "integrity": "sha512-QU0WbIfMUjd5+MUzQOYhenAazakV7Irh1SGkWCsRzBwvm4fAhzEUaHMJ6QLP7gWT6WO9/oH2zhKMMGMuIrDyKw==",
      "dependencies": {
        "data-uri-to-buffer": "^4.0.0",
        "fetch-blob": "^3.1.2",
        "formdata-polyfill": "^4.0.10"
      },
      "engines": {
        "node": "^12.20.0 || ^14.13.1 || >=16.0.0"
      },
      "funding": {
        "type": "opencollective",
        "url": "https://opencollective.com/node-fetch"
      }
    },
    "node_modules/typescript": {
      "version": "4.5.4",
      "resolved": "https://registry.npmjs.org/typescript/-/typescript-4.5.4.tgz",
      "integrity": "sha512-VgYs2A2QIRuGphtzFV7aQJduJ2gyfTljngLzjpfW9FoYZF6xuw1W0vW9ghCKLfcWrCFxK81CSGRAvS1pn4fIUg==",
      "bin": {
        "tsc": "bin/tsc",
        "tsserver": "bin/tsserver"
      },
      "engines": {
        "node": ">=4.2.0"
      }
    },
    "node_modules/web-streams-polyfill": {
      "version": "3.2.0",
      "resolved": "https://registry.npmjs.org/web-streams-polyfill/-/web-streams-polyfill-3.2.0.tgz",
      "integrity": "sha512-EqPmREeOzttaLRm5HS7io98goBgZ7IVz79aDvqjD0kYXLtFZTc0T/U6wHTPKyIjb+MdN7DFIIX6hgdBEpWmfPA==",
      "engines": {
        "node": ">= 8"
      }
    }
  },
  "dependencies": {
    "@popperjs/core": {
      "version": "2.9.3",
      "resolved": "https://registry.npmjs.org/@popperjs/core/-/core-2.9.3.tgz",
      "integrity": "sha512-xDu17cEfh7Kid/d95kB6tZsLOmSWKCZKtprnhVepjsSaCij+lM3mItSJDuuHDMbCWTh8Ejmebwb+KONcCJ0eXQ=="
    },
    "@types/bootstrap": {
      "version": "5.1.7",
      "resolved": "https://registry.npmjs.org/@types/bootstrap/-/bootstrap-5.1.7.tgz",
      "integrity": "sha512-CNRN73xaUuotNHfy1jFbBj+7pfXs918G4+P3HhlgKSqPPYw1SkVUkITMVNIxSDW7BzrpkC9jeuL0DZbvaXk6Lg==",
      "requires": {
        "@popperjs/core": "^2.9.2",
        "@types/jquery": "*"
      }
    },
    "@types/bootstrap-datepicker": {
      "version": "0.0.15",
      "resolved": "https://registry.npmjs.org/@types/bootstrap-datepicker/-/bootstrap-datepicker-0.0.15.tgz",
      "integrity": "sha512-jNfcPB6uYcIaW2agumOiVXWuBbU4/Ct9CsIokGi+0hdSPtp6aRhV4v9w2dRZwbsbptl98W+10jLXJm+Vu5p+Pg==",
      "requires": {
        "@types/jquery": "*"
      }
    },
    "@types/bootstrap-select": {
      "version": "1.13.4",
      "resolved": "https://registry.npmjs.org/@types/bootstrap-select/-/bootstrap-select-1.13.4.tgz",
      "integrity": "sha512-jpmfCyF/DETb7P9Ob1htDoSGwSNvdddmBEe47iAbLttWGAGbEzE/Ks6/eGzKzEbDDLbL/melqSW8RkqTpa60Gw==",
      "requires": {
        "@types/jquery": "*"
      }
    },
    "@types/cldrjs": {
      "version": "0.4.22",
      "resolved": "https://registry.npmjs.org/@types/cldrjs/-/cldrjs-0.4.22.tgz",
      "integrity": "sha512-YyzxXZ5s9xwPWznXnI3++X14JGnomDdDAlin7kWZvxX/MzirC9BNFcDSQ0yR8YG2M/xNMn0nXsCGkgbFVyXjGw=="
    },
    "@types/globalize": {
      "version": "1.5.2",
      "resolved": "https://registry.npmjs.org/@types/globalize/-/globalize-1.5.2.tgz",
      "integrity": "sha512-h4+lLnsttn12wOuUs0WuVJie5Lg+H/0WMaOSSgwycOOmA2Ukj/fX+GkvNcjw1OY5CtViCCEBc3xClsXInL/r9g==",
      "requires": {
        "@types/cldrjs": "*"
      }
    },
    "@types/jquery": {
      "version": "3.5.11",
      "resolved": "https://registry.npmjs.org/@types/jquery/-/jquery-3.5.11.tgz",
      "integrity": "sha512-lYZGdfOtUa0XFjIATQgiogqeTY5PNNMOmp3Jq48ghmJALL8t/IqABRqlEwdHfuUdA8iIE1uGD1HoI4a7Tiy6OA==",
      "requires": {
        "@types/sizzle": "*"
      }
    },
    "@types/jquery-validation-unobtrusive": {
      "version": "3.2.32",
      "resolved": "https://registry.npmjs.org/@types/jquery-validation-unobtrusive/-/jquery-validation-unobtrusive-3.2.32.tgz",
      "integrity": "sha512-RdGqqH2eheWG8laRwUb/rESNdELWV0wV2AVBkOn1pKI158UEvxOJObQjcJf8F4AMx61H/Dl4YApFO3hBzLKZvQ==",
      "requires": {
        "@types/jquery.validation": "*"
      }
    },
    "@types/jquery.validation": {
      "version": "1.16.7",
      "resolved": "https://registry.npmjs.org/@types/jquery.validation/-/jquery.validation-1.16.7.tgz",
      "integrity": "sha512-auRrFzVUOOg7jcLMGyEhvKAC84e8/Tu27wJXDLk3NZ0XCKGZWHYm7livBEjRs3LkB4vGnMKqWXBBnRpmCO9mhQ==",
      "requires": {
        "@types/jquery": "*"
      }
    },
    "@types/modernizr": {
      "version": "3.5.3",
      "resolved": "https://registry.npmjs.org/@types/modernizr/-/modernizr-3.5.3.tgz",
      "integrity": "sha512-jhMOZSS0UGYTS9pqvt6q3wtT3uvOSve5piTEmTMx3zzTuBLvSIMxSIBIc3d5lajVD5h4xc41AMZD2M5orN3PxA=="
    },
    "@types/moment": {
      "version": "https://registry.npmjs.org/@types/moment/-/moment-2.13.0.tgz",
      "integrity": "sha1-YE69GJvDvDShVIaJQE5hoqSqyJY=",
      "requires": {
        "moment": "*"
      }
    },
    "@types/node": {
      "version": "17.0.6",
      "resolved": "https://registry.npmjs.org/@types/node/-/node-17.0.6.tgz",
      "integrity": "sha512-+XBAjfZmmivILUzO0HwBJoYkAyyySSLg5KCGBDFLomJo0sV6szvVLAf4ANZZ0pfWzgEds5KmGLG9D5hfEqOhaA=="
    },
    "@types/sizzle": {
      "version": "2.3.3",
      "resolved": "https://registry.npmjs.org/@types/sizzle/-/sizzle-2.3.3.tgz",
      "integrity": "sha512-JYM8x9EGF163bEyhdJBpR2QX1R5naCJHC8ucJylJ3w9/CVBaskdQ8WqBf8MmQrd1kRvp/a4TS8HJ+bxzR7ZJYQ=="
    },
    "crypto-js": {
      "version": "4.1.1",
      "resolved": "https://registry.npmjs.org/crypto-js/-/crypto-js-4.1.1.tgz",
      "integrity": "sha512-o2JlM7ydqd3Qk9CA0L4NL6mTzU2sdx96a+oOfPu8Mkl/PK51vSyoi8/rQ8NknZtk44vq15lmhAj9CIAGwgeWKw=="
    },
    "data-uri-to-buffer": {
      "version": "4.0.0",
      "resolved": "https://registry.npmjs.org/data-uri-to-buffer/-/data-uri-to-buffer-4.0.0.tgz",
      "integrity": "sha512-Vr3mLBA8qWmcuschSLAOogKgQ/Jwxulv3RNE4FXnYWRGujzrRWQI4m12fQqRkwX06C0KanhLr4hK+GydchZsaA=="
    },
    "fetch-blob": {
      "version": "3.1.3",
      "resolved": "https://registry.npmjs.org/fetch-blob/-/fetch-blob-3.1.3.tgz",
      "integrity": "sha512-ax1Y5I9w+9+JiM+wdHkhBoxew+zG4AJ2SvAD1v1szpddUIiPERVGBxrMcB2ZqW0Y3PP8bOWYv2zqQq1Jp2kqUQ==",
      "requires": {
        "web-streams-polyfill": "^3.0.3"
      }
    },
    "formdata-polyfill": {
      "version": "4.0.10",
      "resolved": "https://registry.npmjs.org/formdata-polyfill/-/formdata-polyfill-4.0.10.tgz",
      "integrity": "sha512-buewHzMvYL29jdeQTVILecSaZKnt/RJWjoZCF5OW60Z67/GmSLBkOFM7qh1PI3zFNtJbaZL5eQu1vLfazOwj4g==",
      "requires": {
        "fetch-blob": "^3.1.2"
      }
    },
    "moment": {
      "version": "2.29.1",
      "resolved": "https://registry.npmjs.org/moment/-/moment-2.29.1.tgz",
      "integrity": "sha512-kHmoybcPV8Sqy59DwNDY3Jefr64lK/by/da0ViFcuA4DH0vQg5Q6Ze5VimxkfQNSC+Mls/Kx53s7TjP1RhFEDQ=="
    },
    "node-fetch": {
      "version": "3.1.0",
      "resolved": "https://registry.npmjs.org/node-fetch/-/node-fetch-3.1.0.tgz",
      "integrity": "sha512-QU0WbIfMUjd5+MUzQOYhenAazakV7Irh1SGkWCsRzBwvm4fAhzEUaHMJ6QLP7gWT6WO9/oH2zhKMMGMuIrDyKw==",
      "requires": {
        "data-uri-to-buffer": "^4.0.0",
        "fetch-blob": "^3.1.2",
        "formdata-polyfill": "^4.0.10"
      }
    },
    "typescript": {
      "version": "4.5.4",
      "resolved": "https://registry.npmjs.org/typescript/-/typescript-4.5.4.tgz",
      "integrity": "sha512-VgYs2A2QIRuGphtzFV7aQJduJ2gyfTljngLzjpfW9FoYZF6xuw1W0vW9ghCKLfcWrCFxK81CSGRAvS1pn4fIUg=="
    },
    "web-streams-polyfill": {
      "version": "3.2.0",
      "resolved": "https://registry.npmjs.org/web-streams-polyfill/-/web-streams-polyfill-3.2.0.tgz",
      "integrity": "sha512-EqPmREeOzttaLRm5HS7io98goBgZ7IVz79aDvqjD0kYXLtFZTc0T/U6wHTPKyIjb+MdN7DFIIX6hgdBEpWmfPA=="
    }
  }
}
