{
  "name": "bibliomit",
  "version": "3.0.0",
  "lockfileVersion": 2,
  "requires": true,
  "packages": {
    "": {
      "name": "bibliomit",
      "version": "3.0.0",
      "license": "ISC",
      "dependencies": {
        "@types/bootstrap": "5.1.9",
        "@types/bootstrap-datepicker": "0.0.15",
        "@types/bootstrap-select": "1.13.4",
        "@types/cldrjs": "0.4.22",
        "@types/globalize": "1.5.2",
        "@types/jquery-validation-unobtrusive": "3.2.32",
        "@types/jquery.validation": "1.16.7",
        "@types/modernizr": "3.5.3",
        "@types/node": "17.0.19",
        "crypto-js": "4.1.1",
        "node-fetch": "3.2.10",
        "typescript": "4.5.5"
      },
      "devDependencies": {
        "@types/jquery": "3.5.13"
      }
    },
    "node_modules/@popperjs/core": {
      "version": "2.9.3",
      "resolved": "https://registry.npmjs.org/@popperjs/core/-/core-2.9.3.tgz",
      "integrity": "sha512-xDu17cEfh7Kid/d95kB6tZsLOmSWKCZKtprnhVepjsSaCij+lM3mItSJDuuHDMbCWTh8Ejmebwb+KONcCJ0eXQ==",
      "funding": {
        "type": "opencollective",
        "url": "https://opencollective.com/popperjs"
      }
    },
    "node_modules/@types/bootstrap": {
      "version": "5.1.9",
      "resolved": "https://registry.npmjs.org/@types/bootstrap/-/bootstrap-5.1.9.tgz",
      "integrity": "sha512-Tembe6lt7819EUzV5LSG9uuwULm4hdEGV9LZ8QBYpWc0J+a+9DdmJEwZ4FMaXGVJWwumTPSkJ8JQF0/KDAmXYg==",
      "dependencies": {
        "@popperjs/core": "^2.9.2",
        "@types/jquery": "*"
      }
    },
    "node_modules/@types/bootstrap-datepicker": {
      "version": "0.0.15",
      "resolved": "https://registry.npmjs.org/@types/bootstrap-datepicker/-/bootstrap-datepicker-0.0.15.tgz",
      "integrity": "sha512-jNfcPB6uYcIaW2agumOiVXWuBbU4/Ct9CsIokGi+0hdSPtp6aRhV4v9w2dRZwbsbptl98W+10jLXJm+Vu5p+Pg==",
      "dependencies": {
        "@types/jquery": "*"
      }
    },
    "node_modules/@types/bootstrap-select": {
      "version": "1.13.4",
      "resolved": "https://registry.npmjs.org/@types/bootstrap-select/-/bootstrap-select-1.13.4.tgz",
      "integrity": "sha512-jpmfCyF/DETb7P9Ob1htDoSGwSNvdddmBEe47iAbLttWGAGbEzE/Ks6/eGzKzEbDDLbL/melqSW8RkqTpa60Gw==",
      "dependencies": {
        "@types/jquery": "*"
      }
    },
    "node_modules/@types/cldrjs": {
      "version": "0.4.22",
      "resolved": "https://registry.npmjs.org/@types/cldrjs/-/cldrjs-0.4.22.tgz",
      "integrity": "sha512-YyzxXZ5s9xwPWznXnI3++X14JGnomDdDAlin7kWZvxX/MzirC9BNFcDSQ0yR8YG2M/xNMn0nXsCGkgbFVyXjGw=="
    },
    "node_modules/@types/globalize": {
      "version": "1.5.2",
      "resolved": "https://registry.npmjs.org/@types/globalize/-/globalize-1.5.2.tgz",
      "integrity": "sha512-h4+lLnsttn12wOuUs0WuVJie5Lg+H/0WMaOSSgwycOOmA2Ukj/fX+GkvNcjw1OY5CtViCCEBc3xClsXInL/r9g==",
      "dependencies": {
        "@types/cldrjs": "*"
      }
    },
    "node_modules/@types/jquery": {
      "version": "3.5.13",
      "resolved": "https://registry.npmjs.org/@types/jquery/-/jquery-3.5.13.tgz",
      "integrity": "sha512-ZxJrup8nz/ZxcU0vantG+TPdboMhB24jad2uSap50zE7Q9rUeYlCF25kFMSmHR33qoeOgqcdHEp3roaookC0Sg==",
      "dependencies": {
        "@types/sizzle": "*"
      }
    },
    "node_modules/@types/jquery-validation-unobtrusive": {
      "version": "3.2.32",
      "resolved": "https://registry.npmjs.org/@types/jquery-validation-unobtrusive/-/jquery-validation-unobtrusive-3.2.32.tgz",
      "integrity": "sha512-RdGqqH2eheWG8laRwUb/rESNdELWV0wV2AVBkOn1pKI158UEvxOJObQjcJf8F4AMx61H/Dl4YApFO3hBzLKZvQ==",
      "dependencies": {
        "@types/jquery.validation": "*"
      }
    },
    "node_modules/@types/jquery.validation": {
      "version": "1.16.7",
      "resolved": "https://registry.npmjs.org/@types/jquery.validation/-/jquery.validation-1.16.7.tgz",
      "integrity": "sha512-auRrFzVUOOg7jcLMGyEhvKAC84e8/Tu27wJXDLk3NZ0XCKGZWHYm7livBEjRs3LkB4vGnMKqWXBBnRpmCO9mhQ==",
      "dependencies": {
        "@types/jquery": "*"
      }
    },
    "node_modules/@types/modernizr": {
      "version": "3.5.3",
      "resolved": "https://registry.npmjs.org/@types/modernizr/-/modernizr-3.5.3.tgz",
      "integrity": "sha512-jhMOZSS0UGYTS9pqvt6q3wtT3uvOSve5piTEmTMx3zzTuBLvSIMxSIBIc3d5lajVD5h4xc41AMZD2M5orN3PxA=="
    },
    "node_modules/@types/node": {
      "version": "17.0.19",
      "resolved": "https://registry.npmjs.org/@types/node/-/node-17.0.19.tgz",
      "integrity": "sha512-PfeQhvcMR4cPFVuYfBN4ifG7p9c+Dlh3yUZR6k+5yQK7wX3gDgVxBly4/WkBRs9x4dmcy1TVl08SY67wwtEvmA=="
    },
    "node_modules/@types/sizzle": {
      "version": "2.3.3",
      "resolved": "https://registry.npmjs.org/@types/sizzle/-/sizzle-2.3.3.tgz",
      "integrity": "sha512-JYM8x9EGF163bEyhdJBpR2QX1R5naCJHC8ucJylJ3w9/CVBaskdQ8WqBf8MmQrd1kRvp/a4TS8HJ+bxzR7ZJYQ=="
    },
    "node_modules/crypto-js": {
      "version": "4.1.1",
      "resolved": "https://registry.npmjs.org/crypto-js/-/crypto-js-4.1.1.tgz",
      "integrity": "sha512-o2JlM7ydqd3Qk9CA0L4NL6mTzU2sdx96a+oOfPu8Mkl/PK51vSyoi8/rQ8NknZtk44vq15lmhAj9CIAGwgeWKw=="
    },
    "node_modules/data-uri-to-buffer": {
      "version": "4.0.0",
      "resolved": "https://registry.npmjs.org/data-uri-to-buffer/-/data-uri-to-buffer-4.0.0.tgz",
      "integrity": "sha512-Vr3mLBA8qWmcuschSLAOogKgQ/Jwxulv3RNE4FXnYWRGujzrRWQI4m12fQqRkwX06C0KanhLr4hK+GydchZsaA==",
      "engines": {
        "node": ">= 12"
      }
    },
    "node_modules/fetch-blob": {
      "version": "3.1.4",
      "resolved": "https://registry.npmjs.org/fetch-blob/-/fetch-blob-3.1.4.tgz",
      "integrity": "sha512-Eq5Xv5+VlSrYWEqKrusxY1C3Hm/hjeAsCGVG3ft7pZahlUAChpGZT/Ms1WmSLnEAisEXszjzu/s+ce6HZB2VHA==",
      "funding": [
        {
          "type": "github",
          "url": "https://github.com/sponsors/jimmywarting"
        },
        {
          "type": "paypal",
          "url": "https://paypal.me/jimmywarting"
        }
      ],
      "dependencies": {
        "node-domexception": "^1.0.0",
        "web-streams-polyfill": "^3.0.3"
      },
      "engines": {
        "node": "^12.20 || >= 14.13"
      }
    },
    "node_modules/formdata-polyfill": {
      "version": "4.0.10",
      "resolved": "https://registry.npmjs.org/formdata-polyfill/-/formdata-polyfill-4.0.10.tgz",
      "integrity": "sha512-buewHzMvYL29jdeQTVILecSaZKnt/RJWjoZCF5OW60Z67/GmSLBkOFM7qh1PI3zFNtJbaZL5eQu1vLfazOwj4g==",
      "dependencies": {
        "fetch-blob": "^3.1.2"
      },
      "engines": {
        "node": ">=12.20.0"
      }
    },
    "node_modules/node-domexception": {
      "version": "1.0.0",
      "resolved": "https://registry.npmjs.org/node-domexception/-/node-domexception-1.0.0.tgz",
      "integrity": "sha512-/jKZoMpw0F8GRwl4/eLROPA3cfcXtLApP0QzLmUT/HuPCZWyB7IY9ZrMeKw2O/nFIqPQB3PVM9aYm0F312AXDQ==",
      "funding": [
        {
          "type": "github",
          "url": "https://github.com/sponsors/jimmywarting"
        },
        {
          "type": "github",
          "url": "https://paypal.me/jimmywarting"
        }
      ],
      "engines": {
        "node": ">=10.5.0"
      }
    },
    "node_modules/node-fetch": {
      "version": "3.2.10",
      "resolved": "https://registry.npmjs.org/node-fetch/-/node-fetch-3.2.10.tgz",
      "integrity": "sha512-MhuzNwdURnZ1Cp4XTazr69K0BTizsBroX7Zx3UgDSVcZYKF/6p0CBe4EUb/hLqmzVhl0UpYfgRljQ4yxE+iCxA==",
      "dependencies": {
        "data-uri-to-buffer": "^4.0.0",
        "fetch-blob": "^3.1.4",
        "formdata-polyfill": "^4.0.10"
      },
      "engines": {
        "node": "^12.20.0 || ^14.13.1 || >=16.0.0"
      },
      "funding": {
        "type": "opencollective",
        "url": "https://opencollective.com/node-fetch"
      }
    },
    "node_modules/typescript": {
      "version": "4.5.5",
      "resolved": "https://registry.npmjs.org/typescript/-/typescript-4.5.5.tgz",
      "integrity": "sha512-TCTIul70LyWe6IJWT8QSYeA54WQe8EjQFU4wY52Fasj5UKx88LNYKCgBEHcOMOrFF1rKGbD8v/xcNWVUq9SymA==",
      "bin": {
        "tsc": "bin/tsc",
        "tsserver": "bin/tsserver"
      },
      "engines": {
        "node": ">=4.2.0"
      }
    },
    "node_modules/web-streams-polyfill": {
      "version": "3.2.0",
      "resolved": "https://registry.npmjs.org/web-streams-polyfill/-/web-streams-polyfill-3.2.0.tgz",
      "integrity": "sha512-EqPmREeOzttaLRm5HS7io98goBgZ7IVz79aDvqjD0kYXLtFZTc0T/U6wHTPKyIjb+MdN7DFIIX6hgdBEpWmfPA==",
      "engines": {
        "node": ">= 8"
      }
    }
  },
  "dependencies": {
    "@popperjs/core": {
      "version": "2.9.3",
      "resolved": "https://registry.npmjs.org/@popperjs/core/-/core-2.9.3.tgz",
      "integrity": "sha512-xDu17cEfh7Kid/d95kB6tZsLOmSWKCZKtprnhVepjsSaCij+lM3mItSJDuuHDMbCWTh8Ejmebwb+KONcCJ0eXQ=="
    },
    "@types/bootstrap": {
      "version": "5.1.9",
      "resolved": "https://registry.npmjs.org/@types/bootstrap/-/bootstrap-5.1.9.tgz",
      "integrity": "sha512-Tembe6lt7819EUzV5LSG9uuwULm4hdEGV9LZ8QBYpWc0J+a+9DdmJEwZ4FMaXGVJWwumTPSkJ8JQF0/KDAmXYg==",
      "requires": {
        "@popperjs/core": "^2.9.2",
        "@types/jquery": "*"
      }
    },
    "@types/bootstrap-datepicker": {
      "version": "0.0.15",
      "resolved": "https://registry.npmjs.org/@types/bootstrap-datepicker/-/bootstrap-datepicker-0.0.15.tgz",
      "integrity": "sha512-jNfcPB6uYcIaW2agumOiVXWuBbU4/Ct9CsIokGi+0hdSPtp6aRhV4v9w2dRZwbsbptl98W+10jLXJm+Vu5p+Pg==",
      "requires": {
        "@types/jquery": "*"
      }
    },
    "@types/bootstrap-select": {
      "version": "1.13.4",
      "resolved": "https://registry.npmjs.org/@types/bootstrap-select/-/bootstrap-select-1.13.4.tgz",
      "integrity": "sha512-jpmfCyF/DETb7P9Ob1htDoSGwSNvdddmBEe47iAbLttWGAGbEzE/Ks6/eGzKzEbDDLbL/melqSW8RkqTpa60Gw==",
      "requires": {
        "@types/jquery": "*"
      }
    },
    "@types/cldrjs": {
      "version": "0.4.22",
      "resolved": "https://registry.npmjs.org/@types/cldrjs/-/cldrjs-0.4.22.tgz",
      "integrity": "sha512-YyzxXZ5s9xwPWznXnI3++X14JGnomDdDAlin7kWZvxX/MzirC9BNFcDSQ0yR8YG2M/xNMn0nXsCGkgbFVyXjGw=="
    },
    "@types/globalize": {
      "version": "1.5.2",
      "resolved": "https://registry.npmjs.org/@types/globalize/-/globalize-1.5.2.tgz",
      "integrity": "sha512-h4+lLnsttn12wOuUs0WuVJie5Lg+H/0WMaOSSgwycOOmA2Ukj/fX+GkvNcjw1OY5CtViCCEBc3xClsXInL/r9g==",
      "requires": {
        "@types/cldrjs": "*"
      }
    },
    "@types/jquery": {
      "version": "3.5.13",
      "resolved": "https://registry.npmjs.org/@types/jquery/-/jquery-3.5.13.tgz",
      "integrity": "sha512-ZxJrup8nz/ZxcU0vantG+TPdboMhB24jad2uSap50zE7Q9rUeYlCF25kFMSmHR33qoeOgqcdHEp3roaookC0Sg==",
      "requires": {
        "@types/sizzle": "*"
      }
    },
    "@types/jquery-validation-unobtrusive": {
      "version": "3.2.32",
      "resolved": "https://registry.npmjs.org/@types/jquery-validation-unobtrusive/-/jquery-validation-unobtrusive-3.2.32.tgz",
      "integrity": "sha512-RdGqqH2eheWG8laRwUb/rESNdELWV0wV2AVBkOn1pKI158UEvxOJObQjcJf8F4AMx61H/Dl4YApFO3hBzLKZvQ==",
      "requires": {
        "@types/jquery.validation": "*"
      }
    },
    "@types/jquery.validation": {
      "version": "1.16.7",
      "resolved": "https://registry.npmjs.org/@types/jquery.validation/-/jquery.validation-1.16.7.tgz",
      "integrity": "sha512-auRrFzVUOOg7jcLMGyEhvKAC84e8/Tu27wJXDLk3NZ0XCKGZWHYm7livBEjRs3LkB4vGnMKqWXBBnRpmCO9mhQ==",
      "requires": {
        "@types/jquery": "*"
      }
    },
    "@types/modernizr": {
      "version": "3.5.3",
      "resolved": "https://registry.npmjs.org/@types/modernizr/-/modernizr-3.5.3.tgz",
      "integrity": "sha512-jhMOZSS0UGYTS9pqvt6q3wtT3uvOSve5piTEmTMx3zzTuBLvSIMxSIBIc3d5lajVD5h4xc41AMZD2M5orN3PxA=="
    },
    "@types/node": {
      "version": "17.0.19",
      "resolved": "https://registry.npmjs.org/@types/node/-/node-17.0.19.tgz",
      "integrity": "sha512-PfeQhvcMR4cPFVuYfBN4ifG7p9c+Dlh3yUZR6k+5yQK7wX3gDgVxBly4/WkBRs9x4dmcy1TVl08SY67wwtEvmA=="
    },
    "@types/sizzle": {
      "version": "2.3.3",
      "resolved": "https://registry.npmjs.org/@types/sizzle/-/sizzle-2.3.3.tgz",
      "integrity": "sha512-JYM8x9EGF163bEyhdJBpR2QX1R5naCJHC8ucJylJ3w9/CVBaskdQ8WqBf8MmQrd1kRvp/a4TS8HJ+bxzR7ZJYQ=="
    },
    "crypto-js": {
      "version": "4.1.1",
      "resolved": "https://registry.npmjs.org/crypto-js/-/crypto-js-4.1.1.tgz",
      "integrity": "sha512-o2JlM7ydqd3Qk9CA0L4NL6mTzU2sdx96a+oOfPu8Mkl/PK51vSyoi8/rQ8NknZtk44vq15lmhAj9CIAGwgeWKw=="
    },
    "data-uri-to-buffer": {
      "version": "4.0.0",
      "resolved": "https://registry.npmjs.org/data-uri-to-buffer/-/data-uri-to-buffer-4.0.0.tgz",
      "integrity": "sha512-Vr3mLBA8qWmcuschSLAOogKgQ/Jwxulv3RNE4FXnYWRGujzrRWQI4m12fQqRkwX06C0KanhLr4hK+GydchZsaA=="
    },
    "fetch-blob": {
      "version": "3.1.4",
      "resolved": "https://registry.npmjs.org/fetch-blob/-/fetch-blob-3.1.4.tgz",
      "integrity": "sha512-Eq5Xv5+VlSrYWEqKrusxY1C3Hm/hjeAsCGVG3ft7pZahlUAChpGZT/Ms1WmSLnEAisEXszjzu/s+ce6HZB2VHA==",
      "requires": {
        "node-domexception": "^1.0.0",
        "web-streams-polyfill": "^3.0.3"
      }
    },
    "formdata-polyfill": {
      "version": "4.0.10",
      "resolved": "https://registry.npmjs.org/formdata-polyfill/-/formdata-polyfill-4.0.10.tgz",
      "integrity": "sha512-buewHzMvYL29jdeQTVILecSaZKnt/RJWjoZCF5OW60Z67/GmSLBkOFM7qh1PI3zFNtJbaZL5eQu1vLfazOwj4g==",
      "requires": {
        "fetch-blob": "^3.1.2"
      }
    },
    "node-domexception": {
      "version": "1.0.0",
      "resolved": "https://registry.npmjs.org/node-domexception/-/node-domexception-1.0.0.tgz",
      "integrity": "sha512-/jKZoMpw0F8GRwl4/eLROPA3cfcXtLApP0QzLmUT/HuPCZWyB7IY9ZrMeKw2O/nFIqPQB3PVM9aYm0F312AXDQ=="
    },
    "node-fetch": {
      "version": "3.2.10",
      "resolved": "https://registry.npmjs.org/node-fetch/-/node-fetch-3.2.10.tgz",
      "integrity": "sha512-MhuzNwdURnZ1Cp4XTazr69K0BTizsBroX7Zx3UgDSVcZYKF/6p0CBe4EUb/hLqmzVhl0UpYfgRljQ4yxE+iCxA==",
      "requires": {
        "data-uri-to-buffer": "^4.0.0",
        "fetch-blob": "^3.1.4",
        "formdata-polyfill": "^4.0.10"
      }
    },
    "typescript": {
      "version": "4.5.5",
      "resolved": "https://registry.npmjs.org/typescript/-/typescript-4.5.5.tgz",
      "integrity": "sha512-TCTIul70LyWe6IJWT8QSYeA54WQe8EjQFU4wY52Fasj5UKx88LNYKCgBEHcOMOrFF1rKGbD8v/xcNWVUq9SymA=="
    },
    "web-streams-polyfill": {
      "version": "3.2.0",
      "resolved": "https://registry.npmjs.org/web-streams-polyfill/-/web-streams-polyfill-3.2.0.tgz",
      "integrity": "sha512-EqPmREeOzttaLRm5HS7io98goBgZ7IVz79aDvqjD0kYXLtFZTc0T/U6wHTPKyIjb+MdN7DFIIX6hgdBEpWmfPA=="
    }
  }
}
